{
  "version": 4,
  "terraform_version": "1.6.2",
  "serial": 21,
  "lineage": "700b42d6-f159-3d67-5c90-c5a06e80408c",
  "outputs": {},
  "resources": [
    {
      "mode": "managed",
      "type": "digitalocean_droplet",
      "name": "mi_droplet",
      "provider": "provider[\"registry.terraform.io/digitalocean/digitalocean\"]",
      "instances": [
        {
          "schema_version": 1,
          "attributes": {
            "backups": false,
            "created_at": "2023-11-09T23:52:05Z",
            "disk": 25,
            "droplet_agent": null,
            "graceful_shutdown": false,
            "id": "384189591",
            "image": "ubuntu-22-04-x64",
            "ipv4_address": "206.189.207.78",
            "ipv4_address_private": "10.116.0.2",
            "ipv6": false,
            "ipv6_address": "",
            "locked": false,
            "memory": 1024,
            "monitoring": false,
            "name": "trivia-neurone-server",
            "price_hourly": 0.00893,
            "price_monthly": 6,
            "private_networking": true,
            "region": "nyc1",
            "resize_disk": true,
            "size": "s-1vcpu-1gb",
            "ssh_keys": [
              "dd:ca:b2:21:ed:6e:47:dd:12:22:58:c2:58:5d:77:e6"
            ],
            "status": "active",
            "tags": null,
            "timeouts": null,
            "urn": "do:droplet:384189591",
            "user_data": null,
            "vcpus": 1,
            "volume_ids": [],
            "vpc_uuid": "8f299a05-101e-42fe-993d-06251e1af915"
          },
          "sensitive_attributes": [],
          "private": "eyJlMmJmYjczMC1lY2FhLTExZTYtOGY4OC0zNDM2M2JjN2M0YzAiOnsiY3JlYXRlIjozNjAwMDAwMDAwMDAwLCJkZWxldGUiOjYwMDAwMDAwMDAwLCJ1cGRhdGUiOjM2MDAwMDAwMDAwMDB9LCJzY2hlbWFfdmVyc2lvbiI6IjEifQ==",
          "dependencies": [
            "digitalocean_ssh_key.local_public_key"
          ]
        }
      ]
    },
    {
      "mode": "managed",
      "type": "digitalocean_ssh_key",
      "name": "local_public_key",
      "provider": "provider[\"registry.terraform.io/digitalocean/digitalocean\"]",
      "instances": [
        {
          "schema_version": 0,
          "attributes": {
            "fingerprint": "dd:ca:b2:21:ed:6e:47:dd:12:22:58:c2:58:5d:77:e6",
            "id": "39935610",
            "name": "local_public_key",
            "public_key": "ssh-rsa AAAAB3NzaC1yc2EAAAADAQABAAABgQDPZGaSz58ECflg2u8hXrPwnKLyUkIvAMbH08zdVmZ4chN4J8Mc4QsZni6TMMm/mfh8mybtpW4s8P1gu/bJVmGf3hK6qF9SQXrxWRx098WuN774r88l0GBO3pW8D8AbVmM8XHp/8QwmqPqamI+fDL8ah7vIS44i1Wn2pPIuVQnZn0uHUE4tGfOYKbkpVGh2g1T4Qn0E/lGJC/IItL/qTZJ5J/XTwCMc/ALRepw7z+jX8YSKM80TiJ2Rz2cnHQXXtNzGoN5ewVrQGfw++gBeb/aewOZQovCGzClWyaULqixW5ZYMCqYRCDclrKGMUzMxOoqShKKKO+djicqIvtPaYSeUEe4VHQzsmPmYMG8CSnDY9j2YuHorRSnKBhJ1K+Rqahw6TJr018mCIBZCOawKnZjs96DXTrrK7J8sljL3q8G/kTPyjW58oH4oaOnKwlGuF0K03DnfwbAKpAlUmfT4UygwNimBWcRFWxTieOV/Rc/L6MI7QI5d0giI9mpQ8RdrYaU= gerardo@gerardo-ubuntu-lenovo\n"
          },
          "sensitive_attributes": [],
          "private": "bnVsbA=="
        }
      ]
    }
  ],
  "check_results": null
}
